// !$*UTF8*$!
{
	archiveVersion = 1;
	classes = {
	};
	objectVersion = 56;
	objects = {

/* Begin PBXBuildFile section */
		99355A40298D6EDE00D72238 /* ChatView.swift in Sources */ = {isa = PBXBuildFile; fileRef = 99355A3F298D6EDE00D72238 /* ChatView.swift */; };
		99355A42298D70FA00D72238 /* Message.swift in Sources */ = {isa = PBXBuildFile; fileRef = 99355A41298D70FA00D72238 /* Message.swift */; };
		99355A44298D7F4300D72238 /* MessagesManager.swift in Sources */ = {isa = PBXBuildFile; fileRef = 99355A43298D7F4300D72238 /* MessagesManager.swift */; };
		99355A462991857A00D72238 /* DisplayMessagesView.swift in Sources */ = {isa = PBXBuildFile; fileRef = 99355A452991857A00D72238 /* DisplayMessagesView.swift */; };
		99355A48299195A600D72238 /* DisplayMessagesViewModel.swift in Sources */ = {isa = PBXBuildFile; fileRef = 99355A47299195A600D72238 /* DisplayMessagesViewModel.swift */; };
		99355A4A2992EF7D00D72238 /* MyLikedPetsView.swift in Sources */ = {isa = PBXBuildFile; fileRef = 99355A492992EF7D00D72238 /* MyLikedPetsView.swift */; };
		99355A4D2996B39800D72238 /* Preview Content in Resources */ = {isa = PBXBuildFile; fileRef = 99355A4C2996B39800D72238 /* Preview Content */; };
		99A49BEE298061DB00BEFB3F /* PawsPlaydateApp.swift in Sources */ = {isa = PBXBuildFile; fileRef = 99A49BED298061DB00BEFB3F /* PawsPlaydateApp.swift */; };
		99A49BF0298061DB00BEFB3F /* ContentView.swift in Sources */ = {isa = PBXBuildFile; fileRef = 99A49BEF298061DB00BEFB3F /* ContentView.swift */; };
		99A49BF2298061DC00BEFB3F /* Assets.xcassets in Resources */ = {isa = PBXBuildFile; fileRef = 99A49BF1298061DC00BEFB3F /* Assets.xcassets */; };
		99A49BFC298062FA00BEFB3F /* GoogleService-Info.plist in Resources */ = {isa = PBXBuildFile; fileRef = 99A49BFB298062FA00BEFB3F /* GoogleService-Info.plist */; };
		99A49BFF2980637E00BEFB3F /* FirebaseAnalytics in Frameworks */ = {isa = PBXBuildFile; productRef = 99A49BFE2980637E00BEFB3F /* FirebaseAnalytics */; };
		99A49C012980637E00BEFB3F /* FirebaseAuth in Frameworks */ = {isa = PBXBuildFile; productRef = 99A49C002980637E00BEFB3F /* FirebaseAuth */; };
		99A49C032980637E00BEFB3F /* FirebaseFirestore in Frameworks */ = {isa = PBXBuildFile; productRef = 99A49C022980637E00BEFB3F /* FirebaseFirestore */; };
		99A49C0529818A1100BEFB3F /* SelectButton.swift in Sources */ = {isa = PBXBuildFile; fileRef = 99A49C0429818A1100BEFB3F /* SelectButton.swift */; };
		99A49C0729819FEA00BEFB3F /* ImagePicker.swift in Sources */ = {isa = PBXBuildFile; fileRef = 99A49C0629819FEA00BEFB3F /* ImagePicker.swift */; };
		99A49C0B2981D07200BEFB3F /* PetViewModel.swift in Sources */ = {isa = PBXBuildFile; fileRef = 99A49C0A2981D07100BEFB3F /* PetViewModel.swift */; };
		99A49C1B2982E36F00BEFB3F /* Pet.swift in Sources */ = {isa = PBXBuildFile; fileRef = 99A49C1A2982E36F00BEFB3F /* Pet.swift */; };
		99A49C1D2982E4D200BEFB3F /* PetDetailView.swift in Sources */ = {isa = PBXBuildFile; fileRef = 99A49C1C2982E4D200BEFB3F /* PetDetailView.swift */; };
		99A49C202982E98B00BEFB3F /* FirebaseFirestoreSwift in Frameworks */ = {isa = PBXBuildFile; productRef = 99A49C1F2982E98B00BEFB3F /* FirebaseFirestoreSwift */; };
		99A49C23298324D800BEFB3F /* Photo.swift in Sources */ = {isa = PBXBuildFile; fileRef = 99A49C22298324D800BEFB3F /* Photo.swift */; };
		99A49C252983270500BEFB3F /* FirebaseStorage in Frameworks */ = {isa = PBXBuildFile; productRef = 99A49C242983270500BEFB3F /* FirebaseStorage */; };
		99A49C2C2984B70600BEFB3F /* User.swift in Sources */ = {isa = PBXBuildFile; fileRef = 99A49C2B2984B70600BEFB3F /* User.swift */; };
		99A49C2E2984B77600BEFB3F /* UserViewModel.swift in Sources */ = {isa = PBXBuildFile; fileRef = 99A49C2D2984B77600BEFB3F /* UserViewModel.swift */; };
		99A49C312984BFB900BEFB3F /* ProfileView.swift in Sources */ = {isa = PBXBuildFile; fileRef = 99A49C302984BFB900BEFB3F /* ProfileView.swift */; };
		99A49C332984C1D900BEFB3F /* AuthenticationView.swift in Sources */ = {isa = PBXBuildFile; fileRef = 99A49C322984C1D900BEFB3F /* AuthenticationView.swift */; };
		99A49C3629881FF100BEFB3F /* PhotoDetailView.swift in Sources */ = {isa = PBXBuildFile; fileRef = 99A49C3529881FF100BEFB3F /* PhotoDetailView.swift */; };
		99A49C38298832BC00BEFB3F /* ViewMyPets.swift in Sources */ = {isa = PBXBuildFile; fileRef = 99A49C37298832BC00BEFB3F /* ViewMyPets.swift */; };
		99A49C40298AB53F00BEFB3F /* WelcomeView.swift in Sources */ = {isa = PBXBuildFile; fileRef = 99A49C3F298AB53F00BEFB3F /* WelcomeView.swift */; };
		99A49C42298C0C5500BEFB3F /* ViewAllPets.swift in Sources */ = {isa = PBXBuildFile; fileRef = 99A49C41298C0C5500BEFB3F /* ViewAllPets.swift */; };
		99A49C44298C289400BEFB3F /* CardView.swift in Sources */ = {isa = PBXBuildFile; fileRef = 99A49C43298C289300BEFB3F /* CardView.swift */; };
		99A49C46298C626600BEFB3F /* ViewImages.swift in Sources */ = {isa = PBXBuildFile; fileRef = 99A49C45298C626600BEFB3F /* ViewImages.swift */; };
/* End PBXBuildFile section */

/* Begin PBXFileReference section */
		99355A3F298D6EDE00D72238 /* ChatView.swift */ = {isa = PBXFileReference; lastKnownFileType = sourcecode.swift; path = ChatView.swift; sourceTree = "<group>"; };
		99355A41298D70FA00D72238 /* Message.swift */ = {isa = PBXFileReference; lastKnownFileType = sourcecode.swift; path = Message.swift; sourceTree = "<group>"; };
		99355A43298D7F4300D72238 /* MessagesManager.swift */ = {isa = PBXFileReference; lastKnownFileType = sourcecode.swift; path = MessagesManager.swift; sourceTree = "<group>"; };
		99355A452991857A00D72238 /* DisplayMessagesView.swift */ = {isa = PBXFileReference; lastKnownFileType = sourcecode.swift; path = DisplayMessagesView.swift; sourceTree = "<group>"; };
		99355A47299195A600D72238 /* DisplayMessagesViewModel.swift */ = {isa = PBXFileReference; lastKnownFileType = sourcecode.swift; path = DisplayMessagesViewModel.swift; sourceTree = "<group>"; };
		99355A492992EF7D00D72238 /* MyLikedPetsView.swift */ = {isa = PBXFileReference; lastKnownFileType = sourcecode.swift; path = MyLikedPetsView.swift; sourceTree = "<group>"; };
		99355A4C2996B39800D72238 /* Preview Content */ = {isa = PBXFileReference; lastKnownFileType = folder; path = "Preview Content"; sourceTree = "<group>"; };
		99A49BEA298061DB00BEFB3F /* PawsPlaydate.app */ = {isa = PBXFileReference; explicitFileType = wrapper.application; includeInIndex = 0; path = PawsPlaydate.app; sourceTree = BUILT_PRODUCTS_DIR; };
		99A49BED298061DB00BEFB3F /* PawsPlaydateApp.swift */ = {isa = PBXFileReference; lastKnownFileType = sourcecode.swift; path = PawsPlaydateApp.swift; sourceTree = "<group>"; };
		99A49BEF298061DB00BEFB3F /* ContentView.swift */ = {isa = PBXFileReference; lastKnownFileType = sourcecode.swift; path = ContentView.swift; sourceTree = "<group>"; };
		99A49BF1298061DC00BEFB3F /* Assets.xcassets */ = {isa = PBXFileReference; lastKnownFileType = folder.assetcatalog; path = Assets.xcassets; sourceTree = "<group>"; };
		99A49BFB298062FA00BEFB3F /* GoogleService-Info.plist */ = {isa = PBXFileReference; fileEncoding = 4; lastKnownFileType = text.plist.xml; path = "GoogleService-Info.plist"; sourceTree = "<group>"; };
		99A49C0429818A1100BEFB3F /* SelectButton.swift */ = {isa = PBXFileReference; lastKnownFileType = sourcecode.swift; path = SelectButton.swift; sourceTree = "<group>"; };
		99A49C0629819FEA00BEFB3F /* ImagePicker.swift */ = {isa = PBXFileReference; lastKnownFileType = sourcecode.swift; path = ImagePicker.swift; sourceTree = "<group>"; };
		99A49C0A2981D07100BEFB3F /* PetViewModel.swift */ = {isa = PBXFileReference; lastKnownFileType = sourcecode.swift; path = PetViewModel.swift; sourceTree = "<group>"; };
		99A49C1A2982E36F00BEFB3F /* Pet.swift */ = {isa = PBXFileReference; lastKnownFileType = sourcecode.swift; path = Pet.swift; sourceTree = "<group>"; };
		99A49C1C2982E4D200BEFB3F /* PetDetailView.swift */ = {isa = PBXFileReference; lastKnownFileType = sourcecode.swift; path = PetDetailView.swift; sourceTree = "<group>"; };
		99A49C22298324D800BEFB3F /* Photo.swift */ = {isa = PBXFileReference; lastKnownFileType = sourcecode.swift; path = Photo.swift; sourceTree = "<group>"; };
		99A49C2B2984B70600BEFB3F /* User.swift */ = {isa = PBXFileReference; lastKnownFileType = sourcecode.swift; path = User.swift; sourceTree = "<group>"; };
		99A49C2D2984B77600BEFB3F /* UserViewModel.swift */ = {isa = PBXFileReference; lastKnownFileType = sourcecode.swift; path = UserViewModel.swift; sourceTree = "<group>"; };
		99A49C302984BFB900BEFB3F /* ProfileView.swift */ = {isa = PBXFileReference; lastKnownFileType = sourcecode.swift; path = ProfileView.swift; sourceTree = "<group>"; };
		99A49C322984C1D900BEFB3F /* AuthenticationView.swift */ = {isa = PBXFileReference; lastKnownFileType = sourcecode.swift; path = AuthenticationView.swift; sourceTree = "<group>"; };
		99A49C3529881FF100BEFB3F /* PhotoDetailView.swift */ = {isa = PBXFileReference; lastKnownFileType = sourcecode.swift; path = PhotoDetailView.swift; sourceTree = "<group>"; };
		99A49C37298832BC00BEFB3F /* ViewMyPets.swift */ = {isa = PBXFileReference; lastKnownFileType = sourcecode.swift; path = ViewMyPets.swift; sourceTree = "<group>"; };
		99A49C3F298AB53F00BEFB3F /* WelcomeView.swift */ = {isa = PBXFileReference; lastKnownFileType = sourcecode.swift; path = WelcomeView.swift; sourceTree = "<group>"; };
		99A49C41298C0C5500BEFB3F /* ViewAllPets.swift */ = {isa = PBXFileReference; lastKnownFileType = sourcecode.swift; path = ViewAllPets.swift; sourceTree = "<group>"; };
		99A49C43298C289300BEFB3F /* CardView.swift */ = {isa = PBXFileReference; lastKnownFileType = sourcecode.swift; path = CardView.swift; sourceTree = "<group>"; };
		99A49C45298C626600BEFB3F /* ViewImages.swift */ = {isa = PBXFileReference; lastKnownFileType = sourcecode.swift; path = ViewImages.swift; sourceTree = "<group>"; };
/* End PBXFileReference section */

/* Begin PBXFrameworksBuildPhase section */
		99A49BE7298061DB00BEFB3F /* Frameworks */ = {
			isa = PBXFrameworksBuildPhase;
			buildActionMask = 2147483647;
			files = (
				99A49BFF2980637E00BEFB3F /* FirebaseAnalytics in Frameworks */,
				99A49C012980637E00BEFB3F /* FirebaseAuth in Frameworks */,
				99A49C032980637E00BEFB3F /* FirebaseFirestore in Frameworks */,
				99A49C252983270500BEFB3F /* FirebaseStorage in Frameworks */,
				99A49C202982E98B00BEFB3F /* FirebaseFirestoreSwift in Frameworks */,
			);
			runOnlyForDeploymentPostprocessing = 0;
		};
/* End PBXFrameworksBuildPhase section */

/* Begin PBXGroup section */
		99355A4B2996A87700D72238 /* Additional */ = {
			isa = PBXGroup;
			children = (
				99A49C0429818A1100BEFB3F /* SelectButton.swift */,
				99A49C0629819FEA00BEFB3F /* ImagePicker.swift */,
				99355A43298D7F4300D72238 /* MessagesManager.swift */,
			);
			path = Additional;
			sourceTree = "<group>";
		};
		99A49BE1298061DB00BEFB3F = {
			isa = PBXGroup;
			children = (
				99A49BEC298061DB00BEFB3F /* PawsPlaydate */,
				99A49BEB298061DB00BEFB3F /* Products */,
				99A49C1E2982E98B00BEFB3F /* Frameworks */,
			);
			sourceTree = "<group>";
		};
		99A49BEB298061DB00BEFB3F /* Products */ = {
			isa = PBXGroup;
			children = (
				99A49BEA298061DB00BEFB3F /* PawsPlaydate.app */,
			);
			name = Products;
			sourceTree = "<group>";
		};
		99A49BEC298061DB00BEFB3F /* PawsPlaydate */ = {
			isa = PBXGroup;
			children = (
				99A49BFB298062FA00BEFB3F /* GoogleService-Info.plist */,
				99A49BED298061DB00BEFB3F /* PawsPlaydateApp.swift */,
				99A49BEF298061DB00BEFB3F /* ContentView.swift */,
				99A49BF1298061DC00BEFB3F /* Assets.xcassets */,
				99355A4C2996B39800D72238 /* Preview Content */,
				99355A4B2996A87700D72238 /* Additional */,
				99A49C2F2984BF9D00BEFB3F /* Views */,
				99A49C2A2984B5FD00BEFB3F /* ViewModel */,
				99A49C21298324B800BEFB3F /* Model */,
			);
			path = PawsPlaydate;
			sourceTree = "<group>";
		};
		99A49C1E2982E98B00BEFB3F /* Frameworks */ = {
			isa = PBXGroup;
			children = (
			);
			name = Frameworks;
			sourceTree = "<group>";
		};
		99A49C21298324B800BEFB3F /* Model */ = {
			isa = PBXGroup;
			children = (
				99A49C1A2982E36F00BEFB3F /* Pet.swift */,
				99A49C22298324D800BEFB3F /* Photo.swift */,
				99A49C2B2984B70600BEFB3F /* User.swift */,
				99355A41298D70FA00D72238 /* Message.swift */,
			);
			path = Model;
			sourceTree = "<group>";
		};
		99A49C2A2984B5FD00BEFB3F /* ViewModel */ = {
			isa = PBXGroup;
			children = (
				99A49C0A2981D07100BEFB3F /* PetViewModel.swift */,
				99A49C2D2984B77600BEFB3F /* UserViewModel.swift */,
				99355A47299195A600D72238 /* DisplayMessagesViewModel.swift */,
			);
			path = ViewModel;
			sourceTree = "<group>";
		};
		99A49C2F2984BF9D00BEFB3F /* Views */ = {
			isa = PBXGroup;
			children = (
				99A49C302984BFB900BEFB3F /* ProfileView.swift */,
				99A49C322984C1D900BEFB3F /* AuthenticationView.swift */,
				99A49C37298832BC00BEFB3F /* ViewMyPets.swift */,
				99A49C1C2982E4D200BEFB3F /* PetDetailView.swift */,
				99A49C3529881FF100BEFB3F /* PhotoDetailView.swift */,
				99A49C3F298AB53F00BEFB3F /* WelcomeView.swift */,
				99A49C41298C0C5500BEFB3F /* ViewAllPets.swift */,
				99A49C43298C289300BEFB3F /* CardView.swift */,
				99A49C45298C626600BEFB3F /* ViewImages.swift */,
				99355A3F298D6EDE00D72238 /* ChatView.swift */,
				99355A452991857A00D72238 /* DisplayMessagesView.swift */,
				99355A492992EF7D00D72238 /* MyLikedPetsView.swift */,
			);
			path = Views;
			sourceTree = "<group>";
		};
/* End PBXGroup section */

/* Begin PBXNativeTarget section */
		99A49BE9298061DB00BEFB3F /* PawsPlaydate */ = {
			isa = PBXNativeTarget;
			buildConfigurationList = 99A49BF8298061DC00BEFB3F /* Build configuration list for PBXNativeTarget "PawsPlaydate" */;
			buildPhases = (
				99A49BE6298061DB00BEFB3F /* Sources */,
				99A49BE7298061DB00BEFB3F /* Frameworks */,
				99A49BE8298061DB00BEFB3F /* Resources */,
			);
			buildRules = (
			);
			dependencies = (
			);
			name = PawsPlaydate;
			packageProductDependencies = (
				99A49BFE2980637E00BEFB3F /* FirebaseAnalytics */,
				99A49C002980637E00BEFB3F /* FirebaseAuth */,
				99A49C022980637E00BEFB3F /* FirebaseFirestore */,
				99A49C1F2982E98B00BEFB3F /* FirebaseFirestoreSwift */,
				99A49C242983270500BEFB3F /* FirebaseStorage */,
			);
			productName = PawsPlaydate;
			productReference = 99A49BEA298061DB00BEFB3F /* PawsPlaydate.app */;
			productType = "com.apple.product-type.application";
		};
/* End PBXNativeTarget section */

/* Begin PBXProject section */
		99A49BE2298061DB00BEFB3F /* Project object */ = {
			isa = PBXProject;
			attributes = {
				BuildIndependentTargetsInParallel = 1;
				LastSwiftUpdateCheck = 1420;
				LastUpgradeCheck = 1420;
				TargetAttributes = {
					99A49BE9298061DB00BEFB3F = {
						CreatedOnToolsVersion = 14.2;
					};
				};
			};
			buildConfigurationList = 99A49BE5298061DB00BEFB3F /* Build configuration list for PBXProject "PawsPlaydate" */;
			compatibilityVersion = "Xcode 14.0";
			developmentRegion = en;
			hasScannedForEncodings = 0;
			knownRegions = (
				en,
				Base,
			);
			mainGroup = 99A49BE1298061DB00BEFB3F;
			packageReferences = (
				99A49BFD2980637E00BEFB3F /* XCRemoteSwiftPackageReference "firebase-ios-sdk" */,
			);
			productRefGroup = 99A49BEB298061DB00BEFB3F /* Products */;
			projectDirPath = "";
			projectRoot = "";
			targets = (
				99A49BE9298061DB00BEFB3F /* PawsPlaydate */,
			);
		};
/* End PBXProject section */

/* Begin PBXResourcesBuildPhase section */
		99A49BE8298061DB00BEFB3F /* Resources */ = {
			isa = PBXResourcesBuildPhase;
			buildActionMask = 2147483647;
			files = (
				99355A4D2996B39800D72238 /* Preview Content in Resources */,
				99A49BF2298061DC00BEFB3F /* Assets.xcassets in Resources */,
				99A49BFC298062FA00BEFB3F /* GoogleService-Info.plist in Resources */,
			);
			runOnlyForDeploymentPostprocessing = 0;
		};
/* End PBXResourcesBuildPhase section */

/* Begin PBXSourcesBuildPhase section */
		99A49BE6298061DB00BEFB3F /* Sources */ = {
			isa = PBXSourcesBuildPhase;
			buildActionMask = 2147483647;
			files = (
				99A49C0B2981D07200BEFB3F /* PetViewModel.swift in Sources */,
				99A49C2C2984B70600BEFB3F /* User.swift in Sources */,
				99355A40298D6EDE00D72238 /* ChatView.swift in Sources */,
				99A49C42298C0C5500BEFB3F /* ViewAllPets.swift in Sources */,
				99A49C38298832BC00BEFB3F /* ViewMyPets.swift in Sources */,
				99355A42298D70FA00D72238 /* Message.swift in Sources */,
				99A49C40298AB53F00BEFB3F /* WelcomeView.swift in Sources */,
				99A49C44298C289400BEFB3F /* CardView.swift in Sources */,
				99A49C0529818A1100BEFB3F /* SelectButton.swift in Sources */,
				99A49C0729819FEA00BEFB3F /* ImagePicker.swift in Sources */,
				99355A48299195A600D72238 /* DisplayMessagesViewModel.swift in Sources */,
				99A49C23298324D800BEFB3F /* Photo.swift in Sources */,
				99355A462991857A00D72238 /* DisplayMessagesView.swift in Sources */,
				99355A4A2992EF7D00D72238 /* MyLikedPetsView.swift in Sources */,
				99A49C3629881FF100BEFB3F /* PhotoDetailView.swift in Sources */,
				99A49C312984BFB900BEFB3F /* ProfileView.swift in Sources */,
				99A49C332984C1D900BEFB3F /* AuthenticationView.swift in Sources */,
				99A49BF0298061DB00BEFB3F /* ContentView.swift in Sources */,
				99A49C1D2982E4D200BEFB3F /* PetDetailView.swift in Sources */,
				99A49C2E2984B77600BEFB3F /* UserViewModel.swift in Sources */,
				99A49C46298C626600BEFB3F /* ViewImages.swift in Sources */,
				99355A44298D7F4300D72238 /* MessagesManager.swift in Sources */,
				99A49BEE298061DB00BEFB3F /* PawsPlaydateApp.swift in Sources */,
				99A49C1B2982E36F00BEFB3F /* Pet.swift in Sources */,
			);
			runOnlyForDeploymentPostprocessing = 0;
		};
/* End PBXSourcesBuildPhase section */

/* Begin XCBuildConfiguration section */
		99A49BF6298061DC00BEFB3F /* Debug */ = {
			isa = XCBuildConfiguration;
			buildSettings = {
				ALWAYS_SEARCH_USER_PATHS = NO;
				CLANG_ANALYZER_NONNULL = YES;
				CLANG_ANALYZER_NUMBER_OBJECT_CONVERSION = YES_AGGRESSIVE;
				CLANG_CXX_LANGUAGE_STANDARD = "gnu++20";
				CLANG_ENABLE_MODULES = YES;
				CLANG_ENABLE_OBJC_ARC = YES;
				CLANG_ENABLE_OBJC_WEAK = YES;
				CLANG_WARN_BLOCK_CAPTURE_AUTORELEASING = YES;
				CLANG_WARN_BOOL_CONVERSION = YES;
				CLANG_WARN_COMMA = YES;
				CLANG_WARN_CONSTANT_CONVERSION = YES;
				CLANG_WARN_DEPRECATED_OBJC_IMPLEMENTATIONS = YES;
				CLANG_WARN_DIRECT_OBJC_ISA_USAGE = YES_ERROR;
				CLANG_WARN_DOCUMENTATION_COMMENTS = YES;
				CLANG_WARN_EMPTY_BODY = YES;
				CLANG_WARN_ENUM_CONVERSION = YES;
				CLANG_WARN_INFINITE_RECURSION = YES;
				CLANG_WARN_INT_CONVERSION = YES;
				CLANG_WARN_NON_LITERAL_NULL_CONVERSION = YES;
				CLANG_WARN_OBJC_IMPLICIT_RETAIN_SELF = YES;
				CLANG_WARN_OBJC_LITERAL_CONVERSION = YES;
				CLANG_WARN_OBJC_ROOT_CLASS = YES_ERROR;
				CLANG_WARN_QUOTED_INCLUDE_IN_FRAMEWORK_HEADER = YES;
				CLANG_WARN_RANGE_LOOP_ANALYSIS = YES;
				CLANG_WARN_STRICT_PROTOTYPES = YES;
				CLANG_WARN_SUSPICIOUS_MOVE = YES;
				CLANG_WARN_UNGUARDED_AVAILABILITY = YES_AGGRESSIVE;
				CLANG_WARN_UNREACHABLE_CODE = YES;
				CLANG_WARN__DUPLICATE_METHOD_MATCH = YES;
				COPY_PHASE_STRIP = NO;
				DEBUG_INFORMATION_FORMAT = dwarf;
				ENABLE_STRICT_OBJC_MSGSEND = YES;
				ENABLE_TESTABILITY = YES;
				GCC_C_LANGUAGE_STANDARD = gnu11;
				GCC_DYNAMIC_NO_PIC = NO;
				GCC_NO_COMMON_BLOCKS = YES;
				GCC_OPTIMIZATION_LEVEL = 0;
				GCC_PREPROCESSOR_DEFINITIONS = (
					"DEBUG=1",
					"$(inherited)",
				);
				GCC_WARN_64_TO_32_BIT_CONVERSION = YES;
				GCC_WARN_ABOUT_RETURN_TYPE = YES_ERROR;
				GCC_WARN_UNDECLARED_SELECTOR = YES;
				GCC_WARN_UNINITIALIZED_AUTOS = YES_AGGRESSIVE;
				GCC_WARN_UNUSED_FUNCTION = YES;
				GCC_WARN_UNUSED_VARIABLE = YES;
				IPHONEOS_DEPLOYMENT_TARGET = 16.2;
				MTL_ENABLE_DEBUG_INFO = INCLUDE_SOURCE;
				MTL_FAST_MATH = YES;
				ONLY_ACTIVE_ARCH = YES;
				SDKROOT = iphoneos;
				SWIFT_ACTIVE_COMPILATION_CONDITIONS = DEBUG;
				SWIFT_OPTIMIZATION_LEVEL = "-Onone";
			};
			name = Debug;
		};
		99A49BF7298061DC00BEFB3F /* Release */ = {
			isa = XCBuildConfiguration;
			buildSettings = {
				ALWAYS_SEARCH_USER_PATHS = NO;
				CLANG_ANALYZER_NONNULL = YES;
				CLANG_ANALYZER_NUMBER_OBJECT_CONVERSION = YES_AGGRESSIVE;
				CLANG_CXX_LANGUAGE_STANDARD = "gnu++20";
				CLANG_ENABLE_MODULES = YES;
				CLANG_ENABLE_OBJC_ARC = YES;
				CLANG_ENABLE_OBJC_WEAK = YES;
				CLANG_WARN_BLOCK_CAPTURE_AUTORELEASING = YES;
				CLANG_WARN_BOOL_CONVERSION = YES;
				CLANG_WARN_COMMA = YES;
				CLANG_WARN_CONSTANT_CONVERSION = YES;
				CLANG_WARN_DEPRECATED_OBJC_IMPLEMENTATIONS = YES;
				CLANG_WARN_DIRECT_OBJC_ISA_USAGE = YES_ERROR;
				CLANG_WARN_DOCUMENTATION_COMMENTS = YES;
				CLANG_WARN_EMPTY_BODY = YES;
				CLANG_WARN_ENUM_CONVERSION = YES;
				CLANG_WARN_INFINITE_RECURSION = YES;
				CLANG_WARN_INT_CONVERSION = YES;
				CLANG_WARN_NON_LITERAL_NULL_CONVERSION = YES;
				CLANG_WARN_OBJC_IMPLICIT_RETAIN_SELF = YES;
				CLANG_WARN_OBJC_LITERAL_CONVERSION = YES;
				CLANG_WARN_OBJC_ROOT_CLASS = YES_ERROR;
				CLANG_WARN_QUOTED_INCLUDE_IN_FRAMEWORK_HEADER = YES;
				CLANG_WARN_RANGE_LOOP_ANALYSIS = YES;
				CLANG_WARN_STRICT_PROTOTYPES = YES;
				CLANG_WARN_SUSPICIOUS_MOVE = YES;
				CLANG_WARN_UNGUARDED_AVAILABILITY = YES_AGGRESSIVE;
				CLANG_WARN_UNREACHABLE_CODE = YES;
				CLANG_WARN__DUPLICATE_METHOD_MATCH = YES;
				COPY_PHASE_STRIP = NO;
				DEBUG_INFORMATION_FORMAT = "dwarf-with-dsym";
				ENABLE_NS_ASSERTIONS = NO;
				ENABLE_STRICT_OBJC_MSGSEND = YES;
				GCC_C_LANGUAGE_STANDARD = gnu11;
				GCC_NO_COMMON_BLOCKS = YES;
				GCC_WARN_64_TO_32_BIT_CONVERSION = YES;
				GCC_WARN_ABOUT_RETURN_TYPE = YES_ERROR;
				GCC_WARN_UNDECLARED_SELECTOR = YES;
				GCC_WARN_UNINITIALIZED_AUTOS = YES_AGGRESSIVE;
				GCC_WARN_UNUSED_FUNCTION = YES;
				GCC_WARN_UNUSED_VARIABLE = YES;
				IPHONEOS_DEPLOYMENT_TARGET = 16.2;
				MTL_ENABLE_DEBUG_INFO = NO;
				MTL_FAST_MATH = YES;
				SDKROOT = iphoneos;
				SWIFT_COMPILATION_MODE = wholemodule;
				SWIFT_OPTIMIZATION_LEVEL = "-O";
				VALIDATE_PRODUCT = YES;
			};
			name = Release;
		};
		99A49BF9298061DC00BEFB3F /* Debug */ = {
			isa = XCBuildConfiguration;
			buildSettings = {
				ASSETCATALOG_COMPILER_APPICON_NAME = AppIcon;
				ASSETCATALOG_COMPILER_GLOBAL_ACCENT_COLOR_NAME = AccentColor;
				CODE_SIGN_STYLE = Automatic;
				CURRENT_PROJECT_VERSION = 1;
				DEVELOPMENT_ASSET_PATHS = "\"PawsPlaydate/Preview Content\"";
				DEVELOPMENT_TEAM = U29R7MTKPM;
				ENABLE_PREVIEWS = YES;
				GENERATE_INFOPLIST_FILE = YES;
				INFOPLIST_KEY_UIApplicationSceneManifest_Generation = YES;
				INFOPLIST_KEY_UIApplicationSupportsIndirectInputEvents = YES;
				INFOPLIST_KEY_UILaunchScreen_Generation = YES;
				INFOPLIST_KEY_UISupportedInterfaceOrientations_iPad = "UIInterfaceOrientationPortrait UIInterfaceOrientationPortraitUpsideDown UIInterfaceOrientationLandscapeLeft UIInterfaceOrientationLandscapeRight";
				INFOPLIST_KEY_UISupportedInterfaceOrientations_iPhone = "UIInterfaceOrientationPortrait UIInterfaceOrientationLandscapeLeft UIInterfaceOrientationLandscapeRight";
				IPHONEOS_DEPLOYMENT_TARGET = 16.2;
				LD_RUNPATH_SEARCH_PATHS = (
					"$(inherited)",
					"@executable_path/Frameworks",
				);
				MARKETING_VERSION = 1.0;
				PRODUCT_BUNDLE_IDENTIFIER = com.pawsplaydate.PawsPlaydate;
				PRODUCT_NAME = "$(TARGET_NAME)";
				SWIFT_EMIT_LOC_STRINGS = YES;
				SWIFT_VERSION = 5.0;
				TARGETED_DEVICE_FAMILY = "1,2";
			};
			name = Debug;
		};
		99A49BFA298061DC00BEFB3F /* Release */ = {
			isa = XCBuildConfiguration;
			buildSettings = {
				ASSETCATALOG_COMPILER_APPICON_NAME = AppIcon;
				ASSETCATALOG_COMPILER_GLOBAL_ACCENT_COLOR_NAME = AccentColor;
				CODE_SIGN_STYLE = Automatic;
				CURRENT_PROJECT_VERSION = 1;
				DEVELOPMENT_ASSET_PATHS = "\"PawsPlaydate/Preview Content\"";
				DEVELOPMENT_TEAM = U29R7MTKPM;
				ENABLE_PREVIEWS = YES;
				GENERATE_INFOPLIST_FILE = YES;
				INFOPLIST_KEY_UIApplicationSceneManifest_Generation = YES;
				INFOPLIST_KEY_UIApplicationSupportsIndirectInputEvents = YES;
				INFOPLIST_KEY_UILaunchScreen_Generation = YES;
				INFOPLIST_KEY_UISupportedInterfaceOrientations_iPad = "UIInterfaceOrientationPortrait UIInterfaceOrientationPortraitUpsideDown UIInterfaceOrientationLandscapeLeft UIInterfaceOrientationLandscapeRight";
				INFOPLIST_KEY_UISupportedInterfaceOrientations_iPhone = "UIInterfaceOrientationPortrait UIInterfaceOrientationLandscapeLeft UIInterfaceOrientationLandscapeRight";
				IPHONEOS_DEPLOYMENT_TARGET = 16.2;
				LD_RUNPATH_SEARCH_PATHS = (
					"$(inherited)",
					"@executable_path/Frameworks",
				);
				MARKETING_VERSION = 1.0;
				PRODUCT_BUNDLE_IDENTIFIER = com.pawsplaydate.PawsPlaydate;
				PRODUCT_NAME = "$(TARGET_NAME)";
				SWIFT_EMIT_LOC_STRINGS = YES;
				SWIFT_VERSION = 5.0;
				TARGETED_DEVICE_FAMILY = "1,2";
			};
			name = Release;
		};
/* End XCBuildConfiguration section */

/* Begin XCConfigurationList section */
		99A49BE5298061DB00BEFB3F /* Build configuration list for PBXProject "PawsPlaydate" */ = {
			isa = XCConfigurationList;
			buildConfigurations = (
				99A49BF6298061DC00BEFB3F /* Debug */,
				99A49BF7298061DC00BEFB3F /* Release */,
			);
			defaultConfigurationIsVisible = 0;
			defaultConfigurationName = Release;
		};
		99A49BF8298061DC00BEFB3F /* Build configuration list for PBXNativeTarget "PawsPlaydate" */ = {
			isa = XCConfigurationList;
			buildConfigurations = (
				99A49BF9298061DC00BEFB3F /* Debug */,
				99A49BFA298061DC00BEFB3F /* Release */,
			);
			defaultConfigurationIsVisible = 0;
			defaultConfigurationName = Release;
		};
/* End XCConfigurationList section */

/* Begin XCRemoteSwiftPackageReference section */
		99A49BFD2980637E00BEFB3F /* XCRemoteSwiftPackageReference "firebase-ios-sdk" */ = {
			isa = XCRemoteSwiftPackageReference;
			repositoryURL = "https://github.com/firebase/firebase-ios-sdk";
			requirement = {
				branch = master;
				kind = branch;
			};
		};
/* End XCRemoteSwiftPackageReference section */

/* Begin XCSwiftPackageProductDependency section */
		99A49BFE2980637E00BEFB3F /* FirebaseAnalytics */ = {
			isa = XCSwiftPackageProductDependency;
			package = 99A49BFD2980637E00BEFB3F /* XCRemoteSwiftPackageReference "firebase-ios-sdk" */;
			productName = FirebaseAnalytics;
		};
		99A49C002980637E00BEFB3F /* FirebaseAuth */ = {
			isa = XCSwiftPackageProductDependency;
			package = 99A49BFD2980637E00BEFB3F /* XCRemoteSwiftPackageReference "firebase-ios-sdk" */;
			productName = FirebaseAuth;
		};
		99A49C022980637E00BEFB3F /* FirebaseFirestore */ = {
			isa = XCSwiftPackageProductDependency;
			package = 99A49BFD2980637E00BEFB3F /* XCRemoteSwiftPackageReference "firebase-ios-sdk" */;
			productName = FirebaseFirestore;
		};
		99A49C1F2982E98B00BEFB3F /* FirebaseFirestoreSwift */ = {
			isa = XCSwiftPackageProductDependency;
			package = 99A49BFD2980637E00BEFB3F /* XCRemoteSwiftPackageReference "firebase-ios-sdk" */;
			productName = FirebaseFirestoreSwift;
		};
		99A49C242983270500BEFB3F /* FirebaseStorage */ = {
			isa = XCSwiftPackageProductDependency;
			package = 99A49BFD2980637E00BEFB3F /* XCRemoteSwiftPackageReference "firebase-ios-sdk" */;
			productName = FirebaseStorage;
		};
/* End XCSwiftPackageProductDependency section */
	};
	rootObject = 99A49BE2298061DB00BEFB3F /* Project object */;
}
